
Microsoft Visual Studio Solution File, Format Version 12.00
Project("{FAE04EC0-301F-11D3-BF4B-00C04F79EFBC}") = "CRUDGen", "CRUDGen\CRUDGen.csproj", "{A3B42E2A-A1BA-4E6F-81F0-3900AC5EBC2E}"
EndProject
Global
	GlobalSection(SolutionConfigurationPlatforms) = preSolution
		Debug|Any CPU = Debug|Any CPU
		Release|Any CPU = Release|Any CPU
	EndGlobalSection
	GlobalSection(ProjectConfigurationPlatforms) = postSolution
		{A3B42E2A-A1BA-4E6F-81F0-3900AC5EBC2E}.Debug|Any CPU.ActiveCfg = Debug|Any CPU
		{A3B42E2A-A1BA-4E6F-81F0-3900AC5EBC2E}.Debug|Any CPU.Build.0 = Debug|Any CPU
		{A3B42E2A-A1BA-4E6F-81F0-3900AC5EBC2E}.Release|Any CPU.ActiveCfg = Release|Any CPU
		{A3B42E2A-A1BA-4E6F-81F0-3900AC5EBC2E}.Release|Any CPU.Build.0 = Release|Any CPU
	EndGlobalSection
EndGlobal
